# THIS IS AN AUTOGENERATED FILE. DO NOT EDIT THIS FILE DIRECTLY.
# yarn lockfile v1


"@openzeppelin/contracts@3.2.0":
  version "3.2.0"
  resolved "https://registry.nlark.com/@openzeppelin/contracts/download/@openzeppelin/contracts-3.2.0.tgz#3e6b3a7662d8ed64271ade96ef42655db983fd9d"
  integrity sha1-Pms6dmLY7WQnGt6W70JlXbmD/Z0=
