{
  "requires": true,
  "lockfileVersion": 1,
  "dependencies": {
    "@openzeppelin/contracts": {
      "version": "4.1.0",
      "resolved": "https://registry.nlark.com/@openzeppelin/contracts/download/@openzeppelin/contracts-4.1.0.tgz",
      "integrity": "sha1-uuyJp/X3Pj2OpYKnjxmAE0tgU3U="
    }
  }
}
